
Microsoft Visual Studio Solution File, Format Version 12.00
# Visual Studio 15
VisualStudioVersion = 15.0.28010.2003
MinimumVisualStudioVersion = 10.0.40219.1
Project("{FAE04EC0-301F-11D3-BF4B-00C04F79EFBC}") = "Quiz1_PC", "Quiz1_PC\Quiz1_PC.csproj", "{38EAD386-610D-4238-8DE7-575BFDAB5FD2}"
EndProject
Global
	GlobalSection(SolutionConfigurationPlatforms) = preSolution
		Debug|Any CPU = Debug|Any CPU
		Release|Any CPU = Release|Any CPU
	EndGlobalSection
	GlobalSection(ProjectConfigurationPlatforms) = postSolution
		{38EAD386-610D-4238-8DE7-575BFDAB5FD2}.Debug|Any CPU.ActiveCfg = Debug|Any CPU
		{38EAD386-610D-4238-8DE7-575BFDAB5FD2}.Debug|Any CPU.Build.0 = Debug|Any CPU
		{38EAD386-610D-4238-8DE7-575BFDAB5FD2}.Release|Any CPU.ActiveCfg = Release|Any CPU
		{38EAD386-610D-4238-8DE7-575BFDAB5FD2}.Release|Any CPU.Build.0 = Release|Any CPU
	EndGlobalSection
	GlobalSection(SolutionProperties) = preSolution
		HideSolutionNode = FALSE
	EndGlobalSection
	GlobalSection(ExtensibilityGlobals) = postSolution
		SolutionGuid = {919BF09A-453C-4174-8114-C29112A5314D}
	EndGlobalSection
EndGlobal
